<?xml version="1.0" encoding="utf-8"?>
<Project ToolsVersion="4.0" xmlns="http://schemas.microsoft.com/developer/msbuild/2003">
  <ItemGroup>
    <Filter Include="소스 파일">
      <UniqueIdentifier>{4FC737F1-C7A5-4376-A066-2A32D752A2FF}</UniqueIdentifier>
      <Extensions>cpp;c;cc;cxx;c++;cppm;ixx;def;odl;idl;hpj;bat;asm;asmx</Extensions>
    </Filter>
    <Filter Include="헤더 파일">
      <UniqueIdentifier>{93995380-89BD-4b04-88EB-625FBE52EBFB}</UniqueIdentifier>
      <Extensions>h;hh;hpp;hxx;h++;hm;inl;inc;ipp;xsd</Extensions>
    </Filter>
    <Filter Include="리소스 파일">
      <UniqueIdentifier>{67DA6AB6-F800-4c08-8B7A-83BB121AAD01}</UniqueIdentifier>
      <Extensions>rc;ico;cur;bmp;dlg;rc2;rct;bin;rgs;gif;jpg;jpeg;jpe;resx;tiff;tif;png;wav;mfcribbon-ms</Extensions>
    </Filter>
    <Filter Include="Default">
      <UniqueIdentifier>{a2971e1e-d72f-443f-9de1-0db7fe841906}</UniqueIdentifier>
    </Filter>
    <Filter Include="Engine">
      <UniqueIdentifier>{0f65133c-4a4d-4d8f-bf18-095d77854a3e}</UniqueIdentifier>
    </Filter>
    <Filter Include="Engine\02.Manager">
      <UniqueIdentifier>{87caaf53-8380-4d46-81fb-86c2ee7da6fc}</UniqueIdentifier>
    </Filter>
    <Filter Include="Engine\03.Object">
      <UniqueIdentifier>{54d2d16d-0117-451b-bfaf-982d57dc5f15}</UniqueIdentifier>
    </Filter>
    <Filter Include="Engine\04.Scene">
      <UniqueIdentifier>{caeb70c7-69b5-4fde-a063-e5dc32d7377e}</UniqueIdentifier>
    </Filter>
    <Filter Include="Engine\05.Resource">
      <UniqueIdentifier>{b70eb220-0413-458e-9296-68e7e7c0816f}</UniqueIdentifier>
    </Filter>
    <Filter Include="Engine\06.Component">
      <UniqueIdentifier>{0b8dad7c-96ec-4474-abb7-35ac1fdcdfe2}</UniqueIdentifier>
    </Filter>
    <Filter Include="Engine\07.UI">
      <UniqueIdentifier>{e8f82d75-db03-4f10-b723-f3ed3c20f5fe}</UniqueIdentifier>
    </Filter>
    <Filter Include="Engine\08.Module">
      <UniqueIdentifier>{88c31aba-0772-4aac-96a8-029e3d60bf1e}</UniqueIdentifier>
    </Filter>
    <Filter Include="Engine\06.Component\Animation">
      <UniqueIdentifier>{068ed94b-a871-4a27-b971-68ff1e812ab9}</UniqueIdentifier>
    </Filter>
    <Filter Include="Engine\06.Component\Physics">
      <UniqueIdentifier>{e86867aa-becb-4401-b02c-1e5f995caf99}</UniqueIdentifier>
    </Filter>
    <Filter Include="Engine\01.Core">
      <UniqueIdentifier>{bb48cc44-9a90-4341-bd0b-c21eff6cf4d4}</UniqueIdentifier>
    </Filter>
    <Filter Include="Engine\99.Headers">
      <UniqueIdentifier>{0ae06915-7512-4b12-90a0-3ccf67070af4}</UniqueIdentifier>
    </Filter>
    <Filter Include="Engine\02.Manager\Framework">
      <UniqueIdentifier>{1cbcb6c8-a822-4b06-ba1d-947618e784a5}</UniqueIdentifier>
    </Filter>
    <Filter Include="Engine\03.Object\Enemies">
      <UniqueIdentifier>{7da30f60-289a-47ad-b6ef-e6e0faa4df79}</UniqueIdentifier>
    </Filter>
    <Filter Include="Engine\09.Windows">
      <UniqueIdentifier>{c03871a1-f318-4721-ae73-db2a787dba71}</UniqueIdentifier>
    </Filter>
    <Filter Include="Engine\10.Interface">
      <UniqueIdentifier>{4659f19d-d6ec-49f7-b81b-d7d2f3d756dc}</UniqueIdentifier>
    </Filter>
    <Filter Include="Engine\11.FSM">
      <UniqueIdentifier>{ed6dc5b8-c555-4c21-9d19-3b63824e7c42}</UniqueIdentifier>
    </Filter>
    <Filter Include="Engine\11.FSM\Entity">
      <UniqueIdentifier>{93307bcb-2b79-4d08-a974-152d22b2c101}</UniqueIdentifier>
    </Filter>
    <Filter Include="Engine\11.FSM\Enemy">
      <UniqueIdentifier>{5fd1f775-b3f1-43e8-8661-0eabf6ef2882}</UniqueIdentifier>
    </Filter>
  </ItemGroup>
  <ItemGroup>
    <ClInclude Include="2025_WinApi_FrameWrok.h">
      <Filter>Default</Filter>
    </ClInclude>
    <ClInclude Include="framework.h">
      <Filter>Default</Filter>
    </ClInclude>
    <ClInclude Include="Resource.h">
      <Filter>Default</Filter>
    </ClInclude>
    <ClInclude Include="targetver.h">
      <Filter>Default</Filter>
    </ClInclude>
    <ClInclude Include="Core.h">
      <Filter>Engine\01.Core</Filter>
    </ClInclude>
    <ClInclude Include="Defines.h">
      <Filter>Engine\99.Headers</Filter>
    </ClInclude>
    <ClInclude Include="pch.h">
      <Filter>Engine\99.Headers</Filter>
    </ClInclude>
    <ClInclude Include="BaseWindow.h">
      <Filter>Engine\01.Core</Filter>
    </ClInclude>
    <ClInclude Include="Object.h">
      <Filter>Engine\03.Object</Filter>
    </ClInclude>
    <ClInclude Include="Vec2.h">
      <Filter>Engine\99.Headers</Filter>
    </ClInclude>
    <ClInclude Include="Scene.h">
      <Filter>Engine\04.Scene</Filter>
    </ClInclude>
    <ClInclude Include="Enums.h">
      <Filter>Engine\99.Headers</Filter>
    </ClInclude>
    <ClInclude Include="ResourceBase.h">
      <Filter>Engine\05.Resource</Filter>
    </ClInclude>
    <ClInclude Include="Texture.h">
      <Filter>Engine\05.Resource</Filter>
    </ClInclude>
    <ClInclude Include="ResourceManager.h">
      <Filter>Engine\02.Manager</Filter>
    </ClInclude>
    <ClInclude Include="Component.h">
      <Filter>Engine\06.Component</Filter>
    </ClInclude>
    <ClInclude Include="Collider.h">
      <Filter>Engine\06.Component\Physics</Filter>
    </ClInclude>
    <ClInclude Include="GDISelector.h">
      <Filter>Engine\08.Module</Filter>
    </ClInclude>
    <ClInclude Include="TimeManager.h">
      <Filter>Engine\02.Manager\Framework</Filter>
    </ClInclude>
    <ClInclude Include="SceneManager.h">
      <Filter>Engine\02.Manager</Filter>
    </ClInclude>
    <ClInclude Include="InputManager.h">
      <Filter>Engine\02.Manager\Framework</Filter>
    </ClInclude>
    <ClInclude Include="CollisionManager.h">
      <Filter>Engine\02.Manager\Framework</Filter>
    </ClInclude>
    <ClInclude Include="Animation.h">
      <Filter>Engine\06.Component\Animation</Filter>
    </ClInclude>
    <ClInclude Include="Animator.h">
      <Filter>Engine\06.Component\Animation</Filter>
    </ClInclude>
    <ClInclude Include="Rigidbody.h">
      <Filter>Engine\06.Component\Physics</Filter>
    </ClInclude>
    <ClInclude Include="PlayerDevScene.h">
      <Filter>Engine\04.Scene</Filter>
    </ClInclude>
    <ClInclude Include="Player.h">
      <Filter>Engine\03.Object</Filter>
    </ClInclude>
    <ClInclude Include="Weapon.h">
      <Filter>Engine\03.Object</Filter>
    </ClInclude>
    <ClInclude Include="CircleCollider.h">
      <Filter>Engine\06.Component\Physics</Filter>
    </ClInclude>
    <ClInclude Include="Projectile.h">
      <Filter>Engine\03.Object</Filter>
    </ClInclude>
    <ClInclude Include="Wall.h">
      <Filter>Engine\03.Object</Filter>
    </ClInclude>
    <ClInclude Include="BoxCollider.h">
      <Filter>Engine\06.Component\Physics</Filter>
    </ClInclude>
    <ClInclude Include="UILabel.h">
      <Filter>Engine\07.UI</Filter>
    </ClInclude>
    <ClInclude Include="UIImage.h">
      <Filter>Engine\07.UI</Filter>
    </ClInclude>
    <ClInclude Include="UIElement.h">
      <Filter>Engine\07.UI</Filter>
    </ClInclude>
    <ClInclude Include="UIButton.h">
      <Filter>Engine\07.UI</Filter>
    </ClInclude>
    <ClInclude Include="UIManager.h">
      <Filter>Engine\02.Manager</Filter>
    </ClInclude>
    <ClInclude Include="Enemy.h">
      <Filter>Engine\03.Object\Enemies</Filter>
    </ClInclude>
    <ClInclude Include="EnemySpawnManager.h">
      <Filter>Engine\03.Object\Enemies</Filter>
    </ClInclude>
    <ClInclude Include="MeleeEnemy.h">
      <Filter>Engine\03.Object\Enemies</Filter>
    </ClInclude>
    <ClInclude Include="RangedEnemy.h">
      <Filter>Engine\03.Object\Enemies</Filter>
    </ClInclude>
    <ClInclude Include="UISlider.h">
      <Filter>헤더 파일</Filter>
    </ClInclude>
    <ClInclude Include="Window.h">
      <Filter>Engine\09.Windows</Filter>
    </ClInclude>
    <ClInclude Include="WindowManager.h">
      <Filter>Engine\02.Manager</Filter>
    </ClInclude>
    <ClInclude Include="IAfterInit.h">
      <Filter>Engine\10.Interface</Filter>
    </ClInclude>
    <ClInclude Include="EasingManager.h">
      <Filter>Engine\02.Manager</Filter>
    </ClInclude>
    <ClInclude Include="GameManager.h">
      <Filter>헤더 파일</Filter>
    </ClInclude>
    <ClInclude Include="GameScene.h">
      <Filter>헤더 파일</Filter>
    </ClInclude>
    <ClInclude Include="SubUIManager.h">
      <Filter>헤더 파일</Filter>
    </ClInclude>
    <ClInclude Include="TilteScene.h">
      <Filter>헤더 파일</Filter>
    </ClInclude>
    <ClInclude Include="EntityStateMachine.h">
      <Filter>Engine\11.FSM\Entity</Filter>
    </ClInclude>
    <ClInclude Include="EntityState.h">
      <Filter>Engine\11.FSM\Entity</Filter>
    </ClInclude>
    <ClInclude Include="EnemyOnlyAttackState.h">
      <Filter>Engine\11.FSM\Enemy</Filter>
    </ClInclude>
    <ClInclude Include="EnemyMoveState.h">
      <Filter>Engine\11.FSM\Enemy</Filter>
    </ClInclude>
    <ClInclude Include="EnemyIdleState.h">
      <Filter>Engine\11.FSM\Enemy</Filter>
    </ClInclude>
    <ClInclude Include="EnemyAttackState.h">
      <Filter>Engine\11.FSM\Enemy</Filter>
    </ClInclude>
    <ClInclude Include="EnemyArmorMoveState.h">
      <Filter>Engine\11.FSM\Enemy</Filter>
    </ClInclude>
    <ClInclude Include="EnemyBullet.h">
      <Filter>Engine\03.Object\Enemies</Filter>
    </ClInclude>
    <ClInclude Include="ArmorEnemy.h">
      <Filter>Engine\03.Object\Enemies</Filter>
    </ClInclude>
    <ClInclude Include="BounceEnemy.h">
      <Filter>Engine\03.Object\Enemies</Filter>
    </ClInclude>
    <ClInclude Include="NoneMoveEnemy.h">
      <Filter>Engine\03.Object\Enemies</Filter>
    </ClInclude>
    <ClInclude Include="EnemyState.h">
      <Filter>Engine\11.FSM\Enemy</Filter>
    </ClInclude>
    <ClInclude Include="Entity.h">
      <Filter>Engine\11.FSM\Entity</Filter>
    </ClInclude>
    <ClInclude Include="EnemyTestScene.h">
      <Filter>Engine\04.Scene</Filter>
    </ClInclude>
  </ItemGroup>
  <ItemGroup>
    <ResourceCompile Include="2025_WinApi_FrameWrok.rc">
      <Filter>리소스 파일</Filter>
    </ResourceCompile>
  </ItemGroup>
  <ItemGroup>
    <Image Include="small.ico">
      <Filter>리소스 파일</Filter>
    </Image>
    <Image Include="2025_WinApi_FrameWrok.ico">
      <Filter>리소스 파일</Filter>
    </Image>
  </ItemGroup>
  <ItemGroup>
    <ClCompile Include="main.cpp">
      <Filter>Engine</Filter>
    </ClCompile>
    <ClCompile Include="Core.cpp">
      <Filter>Engine\01.Core</Filter>
    </ClCompile>
    <ClCompile Include="BaseWindow.cpp">
      <Filter>Engine\01.Core</Filter>
    </ClCompile>
    <ClCompile Include="Object.cpp">
      <Filter>Engine\03.Object</Filter>
    </ClCompile>
    <ClCompile Include="Scene.cpp">
      <Filter>Engine\04.Scene</Filter>
    </ClCompile>
    <ClCompile Include="ResourceBase.cpp">
      <Filter>Engine\05.Resource</Filter>
    </ClCompile>
    <ClCompile Include="Texture.cpp">
      <Filter>Engine\05.Resource</Filter>
    </ClCompile>
    <ClCompile Include="ResourceManager.cpp">
      <Filter>Engine\02.Manager</Filter>
    </ClCompile>
    <ClCompile Include="Component.cpp">
      <Filter>Engine\06.Component</Filter>
    </ClCompile>
    <ClCompile Include="Collider.cpp">
      <Filter>Engine\06.Component\Physics</Filter>
    </ClCompile>
    <ClCompile Include="GDISelector.cpp">
      <Filter>Engine\08.Module</Filter>
    </ClCompile>
    <ClCompile Include="TimeManager.cpp">
      <Filter>Engine\02.Manager\Framework</Filter>
    </ClCompile>
    <ClCompile Include="SceneManager.cpp">
      <Filter>Engine\02.Manager</Filter>
    </ClCompile>
    <ClCompile Include="InputManager.cpp">
      <Filter>Engine\02.Manager\Framework</Filter>
    </ClCompile>
    <ClCompile Include="CollisionManager.cpp">
      <Filter>Engine\02.Manager\Framework</Filter>
    </ClCompile>
    <ClCompile Include="Animation.cpp">
      <Filter>Engine\06.Component\Animation</Filter>
    </ClCompile>
    <ClCompile Include="Animator.cpp">
      <Filter>Engine\06.Component\Animation</Filter>
    </ClCompile>
    <ClCompile Include="Rigidbody.cpp">
      <Filter>Engine\06.Component\Physics</Filter>
    </ClCompile>
    <ClCompile Include="PlayerDevScene.cpp">
      <Filter>Engine\04.Scene</Filter>
    </ClCompile>
    <ClCompile Include="Player.cpp">
      <Filter>Engine\03.Object</Filter>
    </ClCompile>
    <ClCompile Include="Weapon.cpp">
      <Filter>Engine\03.Object</Filter>
    </ClCompile>
    <ClCompile Include="CircleCollider.cpp">
      <Filter>Engine\06.Component\Physics</Filter>
    </ClCompile>
    <ClCompile Include="Projectile.cpp">
      <Filter>Engine\03.Object</Filter>
    </ClCompile>
    <ClCompile Include="Wall.cpp">
      <Filter>Engine\03.Object</Filter>
    </ClCompile>
    <ClCompile Include="BoxCollider.cpp">
      <Filter>Engine\06.Component\Physics</Filter>
    </ClCompile>
    <ClCompile Include="UILabel.cpp">
      <Filter>Engine\07.UI</Filter>
    </ClCompile>
    <ClCompile Include="UIImage.cpp">
      <Filter>Engine\07.UI</Filter>
    </ClCompile>
    <ClCompile Include="UIButton.cpp">
      <Filter>Engine\07.UI</Filter>
    </ClCompile>
    <ClCompile Include="UIManager.cpp">
      <Filter>Engine\02.Manager</Filter>
    </ClCompile>
    <ClCompile Include="Enemy.cpp">
      <Filter>Engine\03.Object\Enemies</Filter>
    </ClCompile>
    <ClCompile Include="EnemySpawnManager.cpp">
      <Filter>Engine\03.Object\Enemies</Filter>
    </ClCompile>
    <ClCompile Include="MeleeEnemy.cpp">
      <Filter>Engine\03.Object\Enemies</Filter>
    </ClCompile>
    <ClCompile Include="RangedEnemy.cpp">
      <Filter>Engine\03.Object\Enemies</Filter>
    </ClCompile>
    <ClCompile Include="UISlider.cpp">
      <Filter>소스 파일</Filter>
    </ClCompile>
    <ClCompile Include="Window.cpp">
      <Filter>Engine\09.Windows</Filter>
    </ClCompile>
    <ClCompile Include="WindowManager.cpp">
      <Filter>Engine\02.Manager</Filter>
    </ClCompile>
    <ClCompile Include="EasingManager.cpp">
      <Filter>Engine\02.Manager</Filter>
    </ClCompile>
    <ClCompile Include="GameManager.cpp">
      <Filter>소스 파일</Filter>
    </ClCompile>
    <ClCompile Include="GameScene.cpp">
      <Filter>소스 파일</Filter>
    </ClCompile>
    <ClCompile Include="SubUIManager.cpp">
      <Filter>소스 파일</Filter>
    </ClCompile>
    <ClCompile Include="TilteScene.cpp">
      <Filter>소스 파일</Filter>
    </ClCompile>
    <ClCompile Include="EntityState.cpp">
      <Filter>Engine\11.FSM\Entity</Filter>
    </ClCompile>
    <ClCompile Include="EnemyState.cpp">
      <Filter>Engine\11.FSM\Entity</Filter>
    </ClCompile>
    <ClCompile Include="EnemyOnlyAttackState.cpp">
      <Filter>Engine\11.FSM\Enemy</Filter>
    </ClCompile>
    <ClCompile Include="EnemyMoveState.cpp">
      <Filter>Engine\11.FSM\Enemy</Filter>
    </ClCompile>
    <ClCompile Include="EnemyIdleState.cpp">
      <Filter>Engine\11.FSM\Enemy</Filter>
    </ClCompile>
    <ClCompile Include="EnemyAttackState.cpp">
      <Filter>Engine\11.FSM\Enemy</Filter>
    </ClCompile>
    <ClCompile Include="EnemyArmorMoveState.cpp">
      <Filter>Engine\11.FSM\Enemy</Filter>
    </ClCompile>
    <ClCompile Include="EnemyBullet.cpp">
      <Filter>Engine\03.Object\Enemies</Filter>
    </ClCompile>
    <ClCompile Include="ArmorEnemy.cpp">
      <Filter>Engine\03.Object\Enemies</Filter>
    </ClCompile>
    <ClCompile Include="BounceEnemy.cpp">
      <Filter>Engine\03.Object\Enemies</Filter>
    </ClCompile>
    <ClCompile Include="NoneMoveEnemy.cpp">
      <Filter>Engine\03.Object\Enemies</Filter>
    </ClCompile>
    <ClCompile Include="EnemyTestScene.cpp">
      <Filter>Engine\04.Scene</Filter>
    </ClCompile>
  </ItemGroup>
</Project>